
Microsoft Visual Studio Solution File, Format Version 12.00
# Visual Studio Version 17
VisualStudioVersion = 17.0.31903.59
MinimumVisualStudioVersion = 10.0.40219.1
Project("{FAE04EC0-301F-11D3-BF4B-00C04F79EFBC}") = "AgentFrameworkSample", "src\AgentFrameworkSample.csproj", "{215B06B9-F134-4B21-8BBB-F30EE349C508}"
EndProject

Global
	GlobalSection(SolutionConfigurationPlatforms) = preSolution
		Debug|Any CPU = Debug|Any CPU
		Debug|x64 = Debug|x64
		Debug|x86 = Debug|x86
		Release|Any CPU = Release|Any CPU
		Release|x64 = Release|x64
		Release|x86 = Release|x86
	EndGlobalSection
	GlobalSection(ProjectConfigurationPlatforms) = postSolution
		{215B06B9-F134-4B21-8BBB-F30EE349C508}.Debug|Any CPU.ActiveCfg = Debug|Any CPU
		{215B06B9-F134-4B21-8BBB-F30EE349C508}.Debug|Any CPU.Build.0 = Debug|Any CPU
		{215B06B9-F134-4B21-8BBB-F30EE349C508}.Debug|x64.ActiveCfg = Debug|Any CPU
		{215B06B9-F134-4B21-8BBB-F30EE349C508}.Debug|x64.Build.0 = Debug|Any CPU
		{215B06B9-F134-4B21-8BBB-F30EE349C508}.Debug|x86.ActiveCfg = Debug|Any CPU
		{215B06B9-F134-4B21-8BBB-F30EE349C508}.Debug|x86.Build.0 = Debug|Any CPU
		{215B06B9-F134-4B21-8BBB-F30EE349C508}.Release|Any CPU.ActiveCfg = Release|Any CPU
		{215B06B9-F134-4B21-8BBB-F30EE349C508}.Release|Any CPU.Build.0 = Release|Any CPU
		{215B06B9-F134-4B21-8BBB-F30EE349C508}.Release|x64.ActiveCfg = Release|Any CPU
		{215B06B9-F134-4B21-8BBB-F30EE349C508}.Release|x64.Build.0 = Release|Any CPU
		{215B06B9-F134-4B21-8BBB-F30EE349C508}.Release|x86.ActiveCfg = Release|Any CPU
		{215B06B9-F134-4B21-8BBB-F30EE349C508}.Release|x86.Build.0 = Release|Any CPU		
	EndGlobalSection
	GlobalSection(SolutionProperties) = preSolution
		HideSolutionNode = FALSE
	EndGlobalSection
	GlobalSection(ExtensibilityGlobals) = postSolution
		SolutionGuid = {A18AB8F6-FA35-48E2-B7D8-37F01DC32DE1}
	EndGlobalSection
EndGlobal
